// !$*UTF8*$!
{
	archiveVersion = 1;
	classes = {
	};
	objectVersion = 50;
	objects = {

/* Begin PBXBuildFile section */
		375CFB5E272A87A300DADD8D /* CustomTabbar.swift in Sources */ = {isa = PBXBuildFile; fileRef = 375CFB5D272A87A300DADD8D /* CustomTabbar.swift */; };
		37FCEDBA26E594290024FD83 /* AppDelegate.swift in Sources */ = {isa = PBXBuildFile; fileRef = 37FCEDB926E594290024FD83 /* AppDelegate.swift */; };
		37FCEDBC26E594290024FD83 /* SceneDelegate.swift in Sources */ = {isa = PBXBuildFile; fileRef = 37FCEDBB26E594290024FD83 /* SceneDelegate.swift */; };
		37FCEDBE26E594290024FD83 /* ViewController.swift in Sources */ = {isa = PBXBuildFile; fileRef = 37FCEDBD26E594290024FD83 /* ViewController.swift */; };
		37FCEDC126E594290024FD83 /* Main.storyboard in Resources */ = {isa = PBXBuildFile; fileRef = 37FCEDBF26E594290024FD83 /* Main.storyboard */; };
		37FCEDC326E5942A0024FD83 /* Assets.xcassets in Resources */ = {isa = PBXBuildFile; fileRef = 37FCEDC226E5942A0024FD83 /* Assets.xcassets */; };
		37FCEDC626E5942A0024FD83 /* LaunchScreen.storyboard in Resources */ = {isa = PBXBuildFile; fileRef = 37FCEDC426E5942A0024FD83 /* LaunchScreen.storyboard */; };
		37FCEDD126E59E110024FD83 /* MainNavigationController.swift in Sources */ = {isa = PBXBuildFile; fileRef = 37FCEDD026E59E110024FD83 /* MainNavigationController.swift */; };
		37FCEDD326E59E9D0024FD83 /* IntroViewController.swift in Sources */ = {isa = PBXBuildFile; fileRef = 37FCEDD226E59E9D0024FD83 /* IntroViewController.swift */; };
		37FCEDD526E5A0090024FD83 /* MainTabBarController.swift in Sources */ = {isa = PBXBuildFile; fileRef = 37FCEDD426E5A0090024FD83 /* MainTabBarController.swift */; };
		37FCEDD726E5A14C0024FD83 /* MyCertViewController.swift in Sources */ = {isa = PBXBuildFile; fileRef = 37FCEDD626E5A14C0024FD83 /* MyCertViewController.swift */; };
		37FCEDD926E5A4170024FD83 /* MyCertTableViewAddCell.swift in Sources */ = {isa = PBXBuildFile; fileRef = 37FCEDD826E5A4170024FD83 /* MyCertTableViewAddCell.swift */; };
		37FCEDDB26E5AA640024FD83 /* Extension.swift in Sources */ = {isa = PBXBuildFile; fileRef = 37FCEDDA26E5AA640024FD83 /* Extension.swift */; };
		37FCEDDD26E5AC340024FD83 /* CertListViewController.swift in Sources */ = {isa = PBXBuildFile; fileRef = 37FCEDDC26E5AC340024FD83 /* CertListViewController.swift */; };
		37FCEDE526E5CA2A0024FD83 /* CertListCollectionViewCell.swift in Sources */ = {isa = PBXBuildFile; fileRef = 37FCEDE426E5CA2A0024FD83 /* CertListCollectionViewCell.swift */; };
		37FCEDE726E5CAB70024FD83 /* CollectionCelltoViewController.swift in Sources */ = {isa = PBXBuildFile; fileRef = 37FCEDE626E5CAB70024FD83 /* CollectionCelltoViewController.swift */; };
		37FCEDE926E5D7630024FD83 /* MyCertTableViewInfoCell.swift in Sources */ = {isa = PBXBuildFile; fileRef = 37FCEDE826E5D7630024FD83 /* MyCertTableViewInfoCell.swift */; };
		37FCEDEB26E5F0E90024FD83 /* NumberPadView.swift in Sources */ = {isa = PBXBuildFile; fileRef = 37FCEDEA26E5F0E90024FD83 /* NumberPadView.swift */; };
		37FCEDEE26E5F2AC0024FD83 /* CertificatePinViewController.swift in Sources */ = {isa = PBXBuildFile; fileRef = 37FCEDED26E5F2AC0024FD83 /* CertificatePinViewController.swift */; };
		37FCEDF026E5F85F0024FD83 /* NumberPadView.xib in Resources */ = {isa = PBXBuildFile; fileRef = 37FCEDEF26E5F85F0024FD83 /* NumberPadView.xib */; };
		37FCEDF226E5F9CF0024FD83 /* RegistFidoViewController.swift in Sources */ = {isa = PBXBuildFile; fileRef = 37FCEDF126E5F9CF0024FD83 /* RegistFidoViewController.swift */; };
		37FCEDF426E5F9DF0024FD83 /* RegistCompleteViewController.swift in Sources */ = {isa = PBXBuildFile; fileRef = 37FCEDF326E5F9DF0024FD83 /* RegistCompleteViewController.swift */; };
		37FCEDF626E5F9EF0024FD83 /* PrivilegeViewController.swift in Sources */ = {isa = PBXBuildFile; fileRef = 37FCEDF526E5F9EF0024FD83 /* PrivilegeViewController.swift */; };
/* End PBXBuildFile section */

/* Begin PBXFileReference section */
		375CFB5D272A87A300DADD8D /* CustomTabbar.swift */ = {isa = PBXFileReference; lastKnownFileType = sourcecode.swift; path = CustomTabbar.swift; sourceTree = "<group>"; };
		37FCEDB626E594290024FD83 /* ezDIDHolder_Design.app */ = {isa = PBXFileReference; explicitFileType = wrapper.application; includeInIndex = 0; path = ezDIDHolder_Design.app; sourceTree = BUILT_PRODUCTS_DIR; };
		37FCEDB926E594290024FD83 /* AppDelegate.swift */ = {isa = PBXFileReference; lastKnownFileType = sourcecode.swift; path = AppDelegate.swift; sourceTree = "<group>"; };
		37FCEDBB26E594290024FD83 /* SceneDelegate.swift */ = {isa = PBXFileReference; lastKnownFileType = sourcecode.swift; path = SceneDelegate.swift; sourceTree = "<group>"; };
		37FCEDBD26E594290024FD83 /* ViewController.swift */ = {isa = PBXFileReference; lastKnownFileType = sourcecode.swift; path = ViewController.swift; sourceTree = "<group>"; };
		37FCEDC026E594290024FD83 /* Base */ = {isa = PBXFileReference; lastKnownFileType = file.storyboard; name = Base; path = Base.lproj/Main.storyboard; sourceTree = "<group>"; };
		37FCEDC226E5942A0024FD83 /* Assets.xcassets */ = {isa = PBXFileReference; lastKnownFileType = folder.assetcatalog; path = Assets.xcassets; sourceTree = "<group>"; };
		37FCEDC526E5942A0024FD83 /* Base */ = {isa = PBXFileReference; lastKnownFileType = file.storyboard; name = Base; path = Base.lproj/LaunchScreen.storyboard; sourceTree = "<group>"; };
		37FCEDC726E5942A0024FD83 /* Info.plist */ = {isa = PBXFileReference; lastKnownFileType = text.plist.xml; path = Info.plist; sourceTree = "<group>"; };
		37FCEDCD26E597590024FD83 /* NumberPadView.xib */ = {isa = PBXFileReference; lastKnownFileType = file.xib; path = NumberPadView.xib; sourceTree = "<group>"; };
		37FCEDD026E59E110024FD83 /* MainNavigationController.swift */ = {isa = PBXFileReference; lastKnownFileType = sourcecode.swift; path = MainNavigationController.swift; sourceTree = "<group>"; };
		37FCEDD226E59E9D0024FD83 /* IntroViewController.swift */ = {isa = PBXFileReference; lastKnownFileType = sourcecode.swift; path = IntroViewController.swift; sourceTree = "<group>"; };
		37FCEDD426E5A0090024FD83 /* MainTabBarController.swift */ = {isa = PBXFileReference; lastKnownFileType = sourcecode.swift; path = MainTabBarController.swift; sourceTree = "<group>"; };
		37FCEDD626E5A14C0024FD83 /* MyCertViewController.swift */ = {isa = PBXFileReference; lastKnownFileType = sourcecode.swift; path = MyCertViewController.swift; sourceTree = "<group>"; };
		37FCEDD826E5A4170024FD83 /* MyCertTableViewAddCell.swift */ = {isa = PBXFileReference; lastKnownFileType = sourcecode.swift; path = MyCertTableViewAddCell.swift; sourceTree = "<group>"; };
		37FCEDDA26E5AA640024FD83 /* Extension.swift */ = {isa = PBXFileReference; lastKnownFileType = sourcecode.swift; path = Extension.swift; sourceTree = "<group>"; };
		37FCEDDC26E5AC340024FD83 /* CertListViewController.swift */ = {isa = PBXFileReference; lastKnownFileType = sourcecode.swift; path = CertListViewController.swift; sourceTree = "<group>"; };
		37FCEDE426E5CA2A0024FD83 /* CertListCollectionViewCell.swift */ = {isa = PBXFileReference; lastKnownFileType = sourcecode.swift; path = CertListCollectionViewCell.swift; sourceTree = "<group>"; };
		37FCEDE626E5CAB70024FD83 /* CollectionCelltoViewController.swift */ = {isa = PBXFileReference; lastKnownFileType = sourcecode.swift; path = CollectionCelltoViewController.swift; sourceTree = "<group>"; };
		37FCEDE826E5D7630024FD83 /* MyCertTableViewInfoCell.swift */ = {isa = PBXFileReference; lastKnownFileType = sourcecode.swift; path = MyCertTableViewInfoCell.swift; sourceTree = "<group>"; };
		37FCEDEA26E5F0E90024FD83 /* NumberPadView.swift */ = {isa = PBXFileReference; lastKnownFileType = sourcecode.swift; path = NumberPadView.swift; sourceTree = "<group>"; };
		37FCEDED26E5F2AC0024FD83 /* CertificatePinViewController.swift */ = {isa = PBXFileReference; lastKnownFileType = sourcecode.swift; path = CertificatePinViewController.swift; sourceTree = "<group>"; };
		37FCEDEF26E5F85F0024FD83 /* NumberPadView.xib */ = {isa = PBXFileReference; fileEncoding = 4; lastKnownFileType = file.xib; path = NumberPadView.xib; sourceTree = SOURCE_ROOT; };
		37FCEDF126E5F9CF0024FD83 /* RegistFidoViewController.swift */ = {isa = PBXFileReference; lastKnownFileType = sourcecode.swift; path = RegistFidoViewController.swift; sourceTree = "<group>"; };
		37FCEDF326E5F9DF0024FD83 /* RegistCompleteViewController.swift */ = {isa = PBXFileReference; lastKnownFileType = sourcecode.swift; path = RegistCompleteViewController.swift; sourceTree = "<group>"; };
		37FCEDF526E5F9EF0024FD83 /* PrivilegeViewController.swift */ = {isa = PBXFileReference; lastKnownFileType = sourcecode.swift; path = PrivilegeViewController.swift; sourceTree = "<group>"; };
		37FCEDF726E5FB510024FD83 /* NotoSansCJKkr-Bold.otf */ = {isa = PBXFileReference; lastKnownFileType = file; path = "NotoSansCJKkr-Bold.otf"; sourceTree = SOURCE_ROOT; };
		37FCEDF826E5FB510024FD83 /* NotoSansCJKkr-Light.ttf */ = {isa = PBXFileReference; lastKnownFileType = file; path = "NotoSansCJKkr-Light.ttf"; sourceTree = SOURCE_ROOT; };
		37FCEDF926E5FB510024FD83 /* NotoSansCJKkr-Regular.otf */ = {isa = PBXFileReference; lastKnownFileType = file; path = "NotoSansCJKkr-Regular.otf"; sourceTree = SOURCE_ROOT; };
		37FCEDFA26E5FB510024FD83 /* NotoSansCJKkr-Thin.ttf */ = {isa = PBXFileReference; lastKnownFileType = file; path = "NotoSansCJKkr-Thin.ttf"; sourceTree = SOURCE_ROOT; };
		37FCEDFB26E5FB520024FD83 /* Roboto-Medium.ttf */ = {isa = PBXFileReference; lastKnownFileType = file; path = "Roboto-Medium.ttf"; sourceTree = SOURCE_ROOT; };
		37FCEDFC26E5FB520024FD83 /* Roboto-Regular.ttf */ = {isa = PBXFileReference; lastKnownFileType = file; path = "Roboto-Regular.ttf"; sourceTree = SOURCE_ROOT; };
		37FCEDFD26E5FB520024FD83 /* NotoSansCJKkr-DemiLite.ttf */ = {isa = PBXFileReference; lastKnownFileType = file; path = "NotoSansCJKkr-DemiLite.ttf"; sourceTree = SOURCE_ROOT; };
		37FCEDFE26E5FB520024FD83 /* NotoSansCJKkr-Bold.ttf */ = {isa = PBXFileReference; lastKnownFileType = file; path = "NotoSansCJKkr-Bold.ttf"; sourceTree = SOURCE_ROOT; };
		37FCEDFF26E5FB520024FD83 /* NotoSansCJKkr-Medium.ttf */ = {isa = PBXFileReference; lastKnownFileType = file; path = "NotoSansCJKkr-Medium.ttf"; sourceTree = SOURCE_ROOT; };
		37FCEE0026E5FB520024FD83 /* NotoSansCJKkr-Black.ttf */ = {isa = PBXFileReference; lastKnownFileType = file; path = "NotoSansCJKkr-Black.ttf"; sourceTree = SOURCE_ROOT; };
/* End PBXFileReference section */

/* Begin PBXFrameworksBuildPhase section */
		37FCEDB326E594290024FD83 /* Frameworks */ = {
			isa = PBXFrameworksBuildPhase;
			buildActionMask = 2147483647;
			files = (
			);
			runOnlyForDeploymentPostprocessing = 0;
		};
/* End PBXFrameworksBuildPhase section */

/* Begin PBXGroup section */
		37FCEDAD26E594290024FD83 = {
			isa = PBXGroup;
			children = (
				37FCEDB826E594290024FD83 /* ezDIDHolder_Design */,
				37FCEDB726E594290024FD83 /* Products */,
			);
			sourceTree = "<group>";
		};
		37FCEDB726E594290024FD83 /* Products */ = {
			isa = PBXGroup;
			children = (
				37FCEDB626E594290024FD83 /* ezDIDHolder_Design.app */,
			);
			name = Products;
			sourceTree = "<group>";
		};
		37FCEDB826E594290024FD83 /* ezDIDHolder_Design */ = {
			isa = PBXGroup;
			children = (
				37FCEE0026E5FB520024FD83 /* NotoSansCJKkr-Black.ttf */,
				37FCEDF726E5FB510024FD83 /* NotoSansCJKkr-Bold.otf */,
				37FCEDFE26E5FB520024FD83 /* NotoSansCJKkr-Bold.ttf */,
				37FCEDFD26E5FB520024FD83 /* NotoSansCJKkr-DemiLite.ttf */,
				37FCEDF826E5FB510024FD83 /* NotoSansCJKkr-Light.ttf */,
				37FCEDFF26E5FB520024FD83 /* NotoSansCJKkr-Medium.ttf */,
				37FCEDF926E5FB510024FD83 /* NotoSansCJKkr-Regular.otf */,
				37FCEDFA26E5FB510024FD83 /* NotoSansCJKkr-Thin.ttf */,
				37FCEDFB26E5FB520024FD83 /* Roboto-Medium.ttf */,
				37FCEDFC26E5FB520024FD83 /* Roboto-Regular.ttf */,
				37FCEDB926E594290024FD83 /* AppDelegate.swift */,
				37FCEDCD26E597590024FD83 /* NumberPadView.xib */,
				37FCEDBB26E594290024FD83 /* SceneDelegate.swift */,
				37FCEDBD26E594290024FD83 /* ViewController.swift */,
				37FCEDBF26E594290024FD83 /* Main.storyboard */,
				37FCEDC226E5942A0024FD83 /* Assets.xcassets */,
				37FCEDC426E5942A0024FD83 /* LaunchScreen.storyboard */,
				37FCEDEA26E5F0E90024FD83 /* NumberPadView.swift */,
				37FCEDEF26E5F85F0024FD83 /* NumberPadView.xib */,
				37FCEDC726E5942A0024FD83 /* Info.plist */,
				37FCEDD026E59E110024FD83 /* MainNavigationController.swift */,
				37FCEDD226E59E9D0024FD83 /* IntroViewController.swift */,
				37FCEDD426E5A0090024FD83 /* MainTabBarController.swift */,
				37FCEDD626E5A14C0024FD83 /* MyCertViewController.swift */,
				37FCEDD826E5A4170024FD83 /* MyCertTableViewAddCell.swift */,
				37FCEDDA26E5AA640024FD83 /* Extension.swift */,
				37FCEDDC26E5AC340024FD83 /* CertListViewController.swift */,
				37FCEDE426E5CA2A0024FD83 /* CertListCollectionViewCell.swift */,
				37FCEDE626E5CAB70024FD83 /* CollectionCelltoViewController.swift */,
				37FCEDE826E5D7630024FD83 /* MyCertTableViewInfoCell.swift */,
				37FCEDED26E5F2AC0024FD83 /* CertificatePinViewController.swift */,
				37FCEDF126E5F9CF0024FD83 /* RegistFidoViewController.swift */,
				37FCEDF326E5F9DF0024FD83 /* RegistCompleteViewController.swift */,
				37FCEDF526E5F9EF0024FD83 /* PrivilegeViewController.swift */,
				375CFB5D272A87A300DADD8D /* CustomTabbar.swift */,
			);
			path = ezDIDHolder_Design;
			sourceTree = "<group>";
		};
/* End PBXGroup section */

/* Begin PBXNativeTarget section */
		37FCEDB526E594290024FD83 /* ezDIDHolder_Design */ = {
			isa = PBXNativeTarget;
			buildConfigurationList = 37FCEDCA26E5942A0024FD83 /* Build configuration list for PBXNativeTarget "ezDIDHolder_Design" */;
			buildPhases = (
				37FCEDB226E594290024FD83 /* Sources */,
				37FCEDB326E594290024FD83 /* Frameworks */,
				37FCEDB426E594290024FD83 /* Resources */,
			);
			buildRules = (
			);
			dependencies = (
			);
			name = ezDIDHolder_Design;
			productName = ezDIDHolder_Design;
			productReference = 37FCEDB626E594290024FD83 /* ezDIDHolder_Design.app */;
			productType = "com.apple.product-type.application";
		};
/* End PBXNativeTarget section */

/* Begin PBXProject section */
		37FCEDAE26E594290024FD83 /* Project object */ = {
			isa = PBXProject;
			attributes = {
				LastSwiftUpdateCheck = 1250;
				LastUpgradeCheck = 1250;
				TargetAttributes = {
					37FCEDB526E594290024FD83 = {
						CreatedOnToolsVersion = 12.5;
					};
				};
			};
			buildConfigurationList = 37FCEDB126E594290024FD83 /* Build configuration list for PBXProject "ezDIDHolder_Design" */;
			compatibilityVersion = "Xcode 9.3";
			developmentRegion = en;
			hasScannedForEncodings = 0;
			knownRegions = (
				en,
				Base,
			);
			mainGroup = 37FCEDAD26E594290024FD83;
			productRefGroup = 37FCEDB726E594290024FD83 /* Products */;
			projectDirPath = "";
			projectRoot = "";
			targets = (
				37FCEDB526E594290024FD83 /* ezDIDHolder_Design */,
			);
		};
/* End PBXProject section */

/* Begin PBXResourcesBuildPhase section */
		37FCEDB426E594290024FD83 /* Resources */ = {
			isa = PBXResourcesBuildPhase;
			buildActionMask = 2147483647;
			files = (
				37FCEDC626E5942A0024FD83 /* LaunchScreen.storyboard in Resources */,
				37FCEDC326E5942A0024FD83 /* Assets.xcassets in Resources */,
				37FCEDC126E594290024FD83 /* Main.storyboard in Resources */,
				37FCEDF026E5F85F0024FD83 /* NumberPadView.xib in Resources */,
			);
			runOnlyForDeploymentPostprocessing = 0;
		};
/* End PBXResourcesBuildPhase section */

/* Begin PBXSourcesBuildPhase section */
		37FCEDB226E594290024FD83 /* Sources */ = {
			isa = PBXSourcesBuildPhase;
			buildActionMask = 2147483647;
			files = (
				37FCEDDB26E5AA640024FD83 /* Extension.swift in Sources */,
				37FCEDE726E5CAB70024FD83 /* CollectionCelltoViewController.swift in Sources */,
				37FCEDF626E5F9EF0024FD83 /* PrivilegeViewController.swift in Sources */,
				37FCEDD126E59E110024FD83 /* MainNavigationController.swift in Sources */,
				37FCEDEB26E5F0E90024FD83 /* NumberPadView.swift in Sources */,
				37FCEDEE26E5F2AC0024FD83 /* CertificatePinViewController.swift in Sources */,
				37FCEDBE26E594290024FD83 /* ViewController.swift in Sources */,
				37FCEDBA26E594290024FD83 /* AppDelegate.swift in Sources */,
				375CFB5E272A87A300DADD8D /* CustomTabbar.swift in Sources */,
				37FCEDD526E5A0090024FD83 /* MainTabBarController.swift in Sources */,
				37FCEDF226E5F9CF0024FD83 /* RegistFidoViewController.swift in Sources */,
				37FCEDD326E59E9D0024FD83 /* IntroViewController.swift in Sources */,
				37FCEDF426E5F9DF0024FD83 /* RegistCompleteViewController.swift in Sources */,
				37FCEDE926E5D7630024FD83 /* MyCertTableViewInfoCell.swift in Sources */,
				37FCEDBC26E594290024FD83 /* SceneDelegate.swift in Sources */,
				37FCEDD726E5A14C0024FD83 /* MyCertViewController.swift in Sources */,
				37FCEDE526E5CA2A0024FD83 /* CertListCollectionViewCell.swift in Sources */,
				37FCEDDD26E5AC340024FD83 /* CertListViewController.swift in Sources */,
				37FCEDD926E5A4170024FD83 /* MyCertTableViewAddCell.swift in Sources */,
			);
			runOnlyForDeploymentPostprocessing = 0;
		};
/* End PBXSourcesBuildPhase section */

/* Begin PBXVariantGroup section */
		37FCEDBF26E594290024FD83 /* Main.storyboard */ = {
			isa = PBXVariantGroup;
			children = (
				37FCEDC026E594290024FD83 /* Base */,
			);
			name = Main.storyboard;
			sourceTree = "<group>";
		};
		37FCEDC426E5942A0024FD83 /* LaunchScreen.storyboard */ = {
			isa = PBXVariantGroup;
			children = (
				37FCEDC526E5942A0024FD83 /* Base */,
			);
			name = LaunchScreen.storyboard;
			sourceTree = "<group>";
		};
/* End PBXVariantGroup section */

/* Begin XCBuildConfiguration section */
		37FCEDC826E5942A0024FD83 /* Debug */ = {
			isa = XCBuildConfiguration;
			buildSettings = {
				ALWAYS_SEARCH_USER_PATHS = NO;
				CLANG_ANALYZER_NONNULL = YES;
				CLANG_ANALYZER_NUMBER_OBJECT_CONVERSION = YES_AGGRESSIVE;
				CLANG_CXX_LANGUAGE_STANDARD = "gnu++14";
				CLANG_CXX_LIBRARY = "libc++";
				CLANG_ENABLE_MODULES = YES;
				CLANG_ENABLE_OBJC_ARC = YES;
				CLANG_ENABLE_OBJC_WEAK = YES;
				CLANG_WARN_BLOCK_CAPTURE_AUTORELEASING = YES;
				CLANG_WARN_BOOL_CONVERSION = YES;
				CLANG_WARN_COMMA = YES;
				CLANG_WARN_CONSTANT_CONVERSION = YES;
				CLANG_WARN_DEPRECATED_OBJC_IMPLEMENTATIONS = YES;
				CLANG_WARN_DIRECT_OBJC_ISA_USAGE = YES_ERROR;
				CLANG_WARN_DOCUMENTATION_COMMENTS = YES;
				CLANG_WARN_EMPTY_BODY = YES;
				CLANG_WARN_ENUM_CONVERSION = YES;
				CLANG_WARN_INFINITE_RECURSION = YES;
				CLANG_WARN_INT_CONVERSION = YES;
				CLANG_WARN_NON_LITERAL_NULL_CONVERSION = YES;
				CLANG_WARN_OBJC_IMPLICIT_RETAIN_SELF = YES;
				CLANG_WARN_OBJC_LITERAL_CONVERSION = YES;
				CLANG_WARN_OBJC_ROOT_CLASS = YES_ERROR;
				CLANG_WARN_QUOTED_INCLUDE_IN_FRAMEWORK_HEADER = YES;
				CLANG_WARN_RANGE_LOOP_ANALYSIS = YES;
				CLANG_WARN_STRICT_PROTOTYPES = YES;
				CLANG_WARN_SUSPICIOUS_MOVE = YES;
				CLANG_WARN_UNGUARDED_AVAILABILITY = YES_AGGRESSIVE;
				CLANG_WARN_UNREACHABLE_CODE = YES;
				CLANG_WARN__DUPLICATE_METHOD_MATCH = YES;
				COPY_PHASE_STRIP = NO;
				DEBUG_INFORMATION_FORMAT = dwarf;
				ENABLE_STRICT_OBJC_MSGSEND = YES;
				ENABLE_TESTABILITY = YES;
				GCC_C_LANGUAGE_STANDARD = gnu11;
				GCC_DYNAMIC_NO_PIC = NO;
				GCC_NO_COMMON_BLOCKS = YES;
				GCC_OPTIMIZATION_LEVEL = 0;
				GCC_PREPROCESSOR_DEFINITIONS = (
					"DEBUG=1",
					"$(inherited)",
				);
				GCC_WARN_64_TO_32_BIT_CONVERSION = YES;
				GCC_WARN_ABOUT_RETURN_TYPE = YES_ERROR;
				GCC_WARN_UNDECLARED_SELECTOR = YES;
				GCC_WARN_UNINITIALIZED_AUTOS = YES_AGGRESSIVE;
				GCC_WARN_UNUSED_FUNCTION = YES;
				GCC_WARN_UNUSED_VARIABLE = YES;
				IPHONEOS_DEPLOYMENT_TARGET = 14.3;
				MTL_ENABLE_DEBUG_INFO = INCLUDE_SOURCE;
				MTL_FAST_MATH = YES;
				ONLY_ACTIVE_ARCH = YES;
				SDKROOT = iphoneos;
				SWIFT_ACTIVE_COMPILATION_CONDITIONS = DEBUG;
				SWIFT_OPTIMIZATION_LEVEL = "-Onone";
			};
			name = Debug;
		};
		37FCEDC926E5942A0024FD83 /* Release */ = {
			isa = XCBuildConfiguration;
			buildSettings = {
				ALWAYS_SEARCH_USER_PATHS = NO;
				CLANG_ANALYZER_NONNULL = YES;
				CLANG_ANALYZER_NUMBER_OBJECT_CONVERSION = YES_AGGRESSIVE;
				CLANG_CXX_LANGUAGE_STANDARD = "gnu++14";
				CLANG_CXX_LIBRARY = "libc++";
				CLANG_ENABLE_MODULES = YES;
				CLANG_ENABLE_OBJC_ARC = YES;
				CLANG_ENABLE_OBJC_WEAK = YES;
				CLANG_WARN_BLOCK_CAPTURE_AUTORELEASING = YES;
				CLANG_WARN_BOOL_CONVERSION = YES;
				CLANG_WARN_COMMA = YES;
				CLANG_WARN_CONSTANT_CONVERSION = YES;
				CLANG_WARN_DEPRECATED_OBJC_IMPLEMENTATIONS = YES;
				CLANG_WARN_DIRECT_OBJC_ISA_USAGE = YES_ERROR;
				CLANG_WARN_DOCUMENTATION_COMMENTS = YES;
				CLANG_WARN_EMPTY_BODY = YES;
				CLANG_WARN_ENUM_CONVERSION = YES;
				CLANG_WARN_INFINITE_RECURSION = YES;
				CLANG_WARN_INT_CONVERSION = YES;
				CLANG_WARN_NON_LITERAL_NULL_CONVERSION = YES;
				CLANG_WARN_OBJC_IMPLICIT_RETAIN_SELF = YES;
				CLANG_WARN_OBJC_LITERAL_CONVERSION = YES;
				CLANG_WARN_OBJC_ROOT_CLASS = YES_ERROR;
				CLANG_WARN_QUOTED_INCLUDE_IN_FRAMEWORK_HEADER = YES;
				CLANG_WARN_RANGE_LOOP_ANALYSIS = YES;
				CLANG_WARN_STRICT_PROTOTYPES = YES;
				CLANG_WARN_SUSPICIOUS_MOVE = YES;
				CLANG_WARN_UNGUARDED_AVAILABILITY = YES_AGGRESSIVE;
				CLANG_WARN_UNREACHABLE_CODE = YES;
				CLANG_WARN__DUPLICATE_METHOD_MATCH = YES;
				COPY_PHASE_STRIP = NO;
				DEBUG_INFORMATION_FORMAT = "dwarf-with-dsym";
				ENABLE_NS_ASSERTIONS = NO;
				ENABLE_STRICT_OBJC_MSGSEND = YES;
				GCC_C_LANGUAGE_STANDARD = gnu11;
				GCC_NO_COMMON_BLOCKS = YES;
				GCC_WARN_64_TO_32_BIT_CONVERSION = YES;
				GCC_WARN_ABOUT_RETURN_TYPE = YES_ERROR;
				GCC_WARN_UNDECLARED_SELECTOR = YES;
				GCC_WARN_UNINITIALIZED_AUTOS = YES_AGGRESSIVE;
				GCC_WARN_UNUSED_FUNCTION = YES;
				GCC_WARN_UNUSED_VARIABLE = YES;
				IPHONEOS_DEPLOYMENT_TARGET = 14.3;
				MTL_ENABLE_DEBUG_INFO = NO;
				MTL_FAST_MATH = YES;
				SDKROOT = iphoneos;
				SWIFT_COMPILATION_MODE = wholemodule;
				SWIFT_OPTIMIZATION_LEVEL = "-O";
				VALIDATE_PRODUCT = YES;
			};
			name = Release;
		};
		37FCEDCB26E5942A0024FD83 /* Debug */ = {
			isa = XCBuildConfiguration;
			buildSettings = {
				ASSETCATALOG_COMPILER_APPICON_NAME = AppIcon;
				ASSETCATALOG_COMPILER_GLOBAL_ACCENT_COLOR_NAME = AccentColor;
				CODE_SIGN_STYLE = Automatic;
				DEVELOPMENT_TEAM = 9ZZ55L6JFG;
				INFOPLIST_FILE = ezDIDHolder_Design/Info.plist;
				LD_RUNPATH_SEARCH_PATHS = (
					"$(inherited)",
					"@executable_path/Frameworks",
				);
				PRODUCT_BUNDLE_IDENTIFIER = "com.lsbin.ezDIDHolder-Design";
				PRODUCT_NAME = "$(TARGET_NAME)";
				SWIFT_VERSION = 5.0;
				TARGETED_DEVICE_FAMILY = "1,2";
			};
			name = Debug;
		};
		37FCEDCC26E5942A0024FD83 /* Release */ = {
			isa = XCBuildConfiguration;
			buildSettings = {
				ASSETCATALOG_COMPILER_APPICON_NAME = AppIcon;
				ASSETCATALOG_COMPILER_GLOBAL_ACCENT_COLOR_NAME = AccentColor;
				CODE_SIGN_STYLE = Automatic;
				DEVELOPMENT_TEAM = 9ZZ55L6JFG;
				INFOPLIST_FILE = ezDIDHolder_Design/Info.plist;
				LD_RUNPATH_SEARCH_PATHS = (
					"$(inherited)",
					"@executable_path/Frameworks",
				);
				PRODUCT_BUNDLE_IDENTIFIER = "com.lsbin.ezDIDHolder-Design";
				PRODUCT_NAME = "$(TARGET_NAME)";
				SWIFT_VERSION = 5.0;
				TARGETED_DEVICE_FAMILY = "1,2";
			};
			name = Release;
		};
/* End XCBuildConfiguration section */

/* Begin XCConfigurationList section */
		37FCEDB126E594290024FD83 /* Build configuration list for PBXProject "ezDIDHolder_Design" */ = {
			isa = XCConfigurationList;
			buildConfigurations = (
				37FCEDC826E5942A0024FD83 /* Debug */,
				37FCEDC926E5942A0024FD83 /* Release */,
			);
			defaultConfigurationIsVisible = 0;
			defaultConfigurationName = Release;
		};
		37FCEDCA26E5942A0024FD83 /* Build configuration list for PBXNativeTarget "ezDIDHolder_Design" */ = {
			isa = XCConfigurationList;
			buildConfigurations = (
				37FCEDCB26E5942A0024FD83 /* Debug */,
				37FCEDCC26E5942A0024FD83 /* Release */,
			);
			defaultConfigurationIsVisible = 0;
			defaultConfigurationName = Release;
		};
/* End XCConfigurationList section */
	};
	rootObject = 37FCEDAE26E594290024FD83 /* Project object */;
}
